
Microsoft Visual Studio Solution File, Format Version 12.00
# Visual Studio Version 17
VisualStudioVersion = 17.0.32112.339
MinimumVisualStudioVersion = 10.0.40219.1
Project("{2150E333-8FDC-42A3-9474-1A3956D46DE8}") = "src", "src", "{0E996A6B-3A49-4C0C-82DC-F8E13B940141}"
EndProject
Project("{2150E333-8FDC-42A3-9474-1A3956D46DE8}") = "core", "core", "{4B5692FC-DBD8-44FD-BD90-FCAB5074435F}"
EndProject
Project("{9A19103F-16F7-4668-BE54-9A1E7A4F7556}") = "KoalaKit.Abstractions", "src\core\KoalaKit.Abstractions\KoalaKit.Abstractions.csproj", "{B53DFB6A-0C0F-429E-9E48-B8601F9540CC}"
EndProject
Project("{2150E333-8FDC-42A3-9474-1A3956D46DE8}") = "persistence", "persistence", "{08D49CFC-A317-4690-80BA-D968ACC2EC9A}"
EndProject
Project("{2150E333-8FDC-42A3-9474-1A3956D46DE8}") = "efcore", "efcore", "{6476293F-CDBD-409D-9442-C916FA735320}"
EndProject
Project("{9A19103F-16F7-4668-BE54-9A1E7A4F7556}") = "KoalaKit.Persistence.EntityFramework.Core", "src\persistence\KoalaKit.Persistence.EntityFramework.Core\KoalaKit.Persistence.EntityFramework.Core.csproj", "{768F99C6-CBB3-451E-8CE2-24600461D2BB}"
EndProject
Project("{9A19103F-16F7-4668-BE54-9A1E7A4F7556}") = "KoalaKit.Persistence.EntityFramework.SqlServer", "src\persistence\KoalaKit.Persistence.EntityFramework.SqlServer\KoalaKit.Persistence.EntityFramework.SqlServer.csproj", "{45EB8030-AC60-4C23-A67F-DDE59CB5F13C}"
EndProject
Project("{9A19103F-16F7-4668-BE54-9A1E7A4F7556}") = "KoalaKit.Persistence.EntityFramework.MySql", "src\persistence\KoalaKit.Persistence.EntityFramework.MySql\KoalaKit.Persistence.EntityFramework.MySql.csproj", "{5A8A4FB3-D13C-4844-93A4-B440C98F3B94}"
EndProject
Project("{9A19103F-16F7-4668-BE54-9A1E7A4F7556}") = "KoalaKit.Persistence.EntityFramework.PostgreSql", "src\persistence\KoalaKit.Persistence.EntityFramework.PostgreSql\KoalaKit.Persistence.EntityFramework.PostgreSql.csproj", "{2CA12482-8A82-4FB2-830E-45C7C9FC18DC}"
EndProject
Project("{9A19103F-16F7-4668-BE54-9A1E7A4F7556}") = "KoalaKit.Persistence.EntityFramework.Sqlite", "src\persistence\KoalaKit.Persistence.EntityFramework.Sqlite\KoalaKit.Persistence.EntityFramework.Sqlite.csproj", "{F43B1820-AE75-46F0-9BC7-3CFD2CD4C986}"
EndProject
Project("{9A19103F-16F7-4668-BE54-9A1E7A4F7556}") = "KoalaKit.Persistence.EntityFramework.Oracle", "src\persistence\KoalaKit.Persistence.EntityFramework.Oracle\KoalaKit.Persistence.EntityFramework.Oracle.csproj", "{C9499634-1559-47A1-BD6A-EE6FEEBBA386}"
EndProject
Project("{2150E333-8FDC-42A3-9474-1A3956D46DE8}") = "messaging", "messaging", "{518E0C25-C14D-4EBB-8907-59CE2C8A2DBB}"
EndProject
Project("{2150E333-8FDC-42A3-9474-1A3956D46DE8}") = "queuing", "queuing", "{5B33BA3A-44BD-4844-8C83-6A7248934B7A}"
EndProject
Project("{9A19103F-16F7-4668-BE54-9A1E7A4F7556}") = "KoalaKit.Queuing.RabbitMq", "messaging\queuing\KoalaKit.Queuing.RabbitMq\KoalaKit.Queuing.RabbitMq.csproj", "{E02B3742-8C43-4FC7-84EA-36F41FA4C29A}"
EndProject
Project("{2150E333-8FDC-42A3-9474-1A3956D46DE8}") = "Bus", "Bus", "{C9ECE9FC-61B2-46EF-B7FA-E2ED949AFDDF}"
EndProject
Project("{9A19103F-16F7-4668-BE54-9A1E7A4F7556}") = "KoalaKit.Bus.Redis", "messaging\Bus\KoalaKit.Bus.Redis\KoalaKit.Bus.Redis.csproj", "{AA60D1A7-A1AA-43B4-A6C2-7E2F7C155317}"
EndProject
Project("{2150E333-8FDC-42A3-9474-1A3956D46DE8}") = "test", "test", "{03D97B8E-DB45-4987-9ED7-02E6EF166393}"
EndProject
Project("{FAE04EC0-301F-11D3-BF4B-00C04F79EFBC}") = "KoalaKit.Test", "test\KoalaKit.Test\KoalaKit.Test.csproj", "{1363B39A-80C4-44B9-AE75-AFA784D4E6F9}"
EndProject
Global
	GlobalSection(SolutionConfigurationPlatforms) = preSolution
		Debug|Any CPU = Debug|Any CPU
		Release|Any CPU = Release|Any CPU
	EndGlobalSection
	GlobalSection(ProjectConfigurationPlatforms) = postSolution
		{B53DFB6A-0C0F-429E-9E48-B8601F9540CC}.Debug|Any CPU.ActiveCfg = Debug|Any CPU
		{B53DFB6A-0C0F-429E-9E48-B8601F9540CC}.Debug|Any CPU.Build.0 = Debug|Any CPU
		{B53DFB6A-0C0F-429E-9E48-B8601F9540CC}.Release|Any CPU.ActiveCfg = Release|Any CPU
		{B53DFB6A-0C0F-429E-9E48-B8601F9540CC}.Release|Any CPU.Build.0 = Release|Any CPU
		{768F99C6-CBB3-451E-8CE2-24600461D2BB}.Debug|Any CPU.ActiveCfg = Debug|Any CPU
		{768F99C6-CBB3-451E-8CE2-24600461D2BB}.Debug|Any CPU.Build.0 = Debug|Any CPU
		{768F99C6-CBB3-451E-8CE2-24600461D2BB}.Release|Any CPU.ActiveCfg = Release|Any CPU
		{768F99C6-CBB3-451E-8CE2-24600461D2BB}.Release|Any CPU.Build.0 = Release|Any CPU
		{45EB8030-AC60-4C23-A67F-DDE59CB5F13C}.Debug|Any CPU.ActiveCfg = Debug|Any CPU
		{45EB8030-AC60-4C23-A67F-DDE59CB5F13C}.Debug|Any CPU.Build.0 = Debug|Any CPU
		{45EB8030-AC60-4C23-A67F-DDE59CB5F13C}.Release|Any CPU.ActiveCfg = Release|Any CPU
		{45EB8030-AC60-4C23-A67F-DDE59CB5F13C}.Release|Any CPU.Build.0 = Release|Any CPU
		{5A8A4FB3-D13C-4844-93A4-B440C98F3B94}.Debug|Any CPU.ActiveCfg = Debug|Any CPU
		{5A8A4FB3-D13C-4844-93A4-B440C98F3B94}.Debug|Any CPU.Build.0 = Debug|Any CPU
		{5A8A4FB3-D13C-4844-93A4-B440C98F3B94}.Release|Any CPU.ActiveCfg = Release|Any CPU
		{5A8A4FB3-D13C-4844-93A4-B440C98F3B94}.Release|Any CPU.Build.0 = Release|Any CPU
		{2CA12482-8A82-4FB2-830E-45C7C9FC18DC}.Debug|Any CPU.ActiveCfg = Debug|Any CPU
		{2CA12482-8A82-4FB2-830E-45C7C9FC18DC}.Debug|Any CPU.Build.0 = Debug|Any CPU
		{2CA12482-8A82-4FB2-830E-45C7C9FC18DC}.Release|Any CPU.ActiveCfg = Release|Any CPU
		{2CA12482-8A82-4FB2-830E-45C7C9FC18DC}.Release|Any CPU.Build.0 = Release|Any CPU
		{F43B1820-AE75-46F0-9BC7-3CFD2CD4C986}.Debug|Any CPU.ActiveCfg = Debug|Any CPU
		{F43B1820-AE75-46F0-9BC7-3CFD2CD4C986}.Debug|Any CPU.Build.0 = Debug|Any CPU
		{F43B1820-AE75-46F0-9BC7-3CFD2CD4C986}.Release|Any CPU.ActiveCfg = Release|Any CPU
		{F43B1820-AE75-46F0-9BC7-3CFD2CD4C986}.Release|Any CPU.Build.0 = Release|Any CPU
		{C9499634-1559-47A1-BD6A-EE6FEEBBA386}.Debug|Any CPU.ActiveCfg = Debug|Any CPU
		{C9499634-1559-47A1-BD6A-EE6FEEBBA386}.Debug|Any CPU.Build.0 = Debug|Any CPU
		{C9499634-1559-47A1-BD6A-EE6FEEBBA386}.Release|Any CPU.ActiveCfg = Release|Any CPU
		{C9499634-1559-47A1-BD6A-EE6FEEBBA386}.Release|Any CPU.Build.0 = Release|Any CPU
		{E02B3742-8C43-4FC7-84EA-36F41FA4C29A}.Debug|Any CPU.ActiveCfg = Debug|Any CPU
		{E02B3742-8C43-4FC7-84EA-36F41FA4C29A}.Debug|Any CPU.Build.0 = Debug|Any CPU
		{E02B3742-8C43-4FC7-84EA-36F41FA4C29A}.Release|Any CPU.ActiveCfg = Release|Any CPU
		{E02B3742-8C43-4FC7-84EA-36F41FA4C29A}.Release|Any CPU.Build.0 = Release|Any CPU
		{AA60D1A7-A1AA-43B4-A6C2-7E2F7C155317}.Debug|Any CPU.ActiveCfg = Debug|Any CPU
		{AA60D1A7-A1AA-43B4-A6C2-7E2F7C155317}.Debug|Any CPU.Build.0 = Debug|Any CPU
		{AA60D1A7-A1AA-43B4-A6C2-7E2F7C155317}.Release|Any CPU.ActiveCfg = Release|Any CPU
		{AA60D1A7-A1AA-43B4-A6C2-7E2F7C155317}.Release|Any CPU.Build.0 = Release|Any CPU
		{1363B39A-80C4-44B9-AE75-AFA784D4E6F9}.Debug|Any CPU.ActiveCfg = Debug|Any CPU
		{1363B39A-80C4-44B9-AE75-AFA784D4E6F9}.Debug|Any CPU.Build.0 = Debug|Any CPU
		{1363B39A-80C4-44B9-AE75-AFA784D4E6F9}.Release|Any CPU.ActiveCfg = Release|Any CPU
		{1363B39A-80C4-44B9-AE75-AFA784D4E6F9}.Release|Any CPU.Build.0 = Release|Any CPU
	EndGlobalSection
	GlobalSection(SolutionProperties) = preSolution
		HideSolutionNode = FALSE
	EndGlobalSection
	GlobalSection(NestedProjects) = preSolution
		{4B5692FC-DBD8-44FD-BD90-FCAB5074435F} = {0E996A6B-3A49-4C0C-82DC-F8E13B940141}
		{B53DFB6A-0C0F-429E-9E48-B8601F9540CC} = {4B5692FC-DBD8-44FD-BD90-FCAB5074435F}
		{08D49CFC-A317-4690-80BA-D968ACC2EC9A} = {0E996A6B-3A49-4C0C-82DC-F8E13B940141}
		{6476293F-CDBD-409D-9442-C916FA735320} = {08D49CFC-A317-4690-80BA-D968ACC2EC9A}
		{768F99C6-CBB3-451E-8CE2-24600461D2BB} = {6476293F-CDBD-409D-9442-C916FA735320}
		{45EB8030-AC60-4C23-A67F-DDE59CB5F13C} = {6476293F-CDBD-409D-9442-C916FA735320}
		{5A8A4FB3-D13C-4844-93A4-B440C98F3B94} = {6476293F-CDBD-409D-9442-C916FA735320}
		{2CA12482-8A82-4FB2-830E-45C7C9FC18DC} = {6476293F-CDBD-409D-9442-C916FA735320}
		{F43B1820-AE75-46F0-9BC7-3CFD2CD4C986} = {6476293F-CDBD-409D-9442-C916FA735320}
		{C9499634-1559-47A1-BD6A-EE6FEEBBA386} = {6476293F-CDBD-409D-9442-C916FA735320}
		{518E0C25-C14D-4EBB-8907-59CE2C8A2DBB} = {0E996A6B-3A49-4C0C-82DC-F8E13B940141}
		{5B33BA3A-44BD-4844-8C83-6A7248934B7A} = {518E0C25-C14D-4EBB-8907-59CE2C8A2DBB}
		{E02B3742-8C43-4FC7-84EA-36F41FA4C29A} = {5B33BA3A-44BD-4844-8C83-6A7248934B7A}
		{C9ECE9FC-61B2-46EF-B7FA-E2ED949AFDDF} = {518E0C25-C14D-4EBB-8907-59CE2C8A2DBB}
		{AA60D1A7-A1AA-43B4-A6C2-7E2F7C155317} = {C9ECE9FC-61B2-46EF-B7FA-E2ED949AFDDF}
		{1363B39A-80C4-44B9-AE75-AFA784D4E6F9} = {03D97B8E-DB45-4987-9ED7-02E6EF166393}
	EndGlobalSection
	GlobalSection(ExtensibilityGlobals) = postSolution
		SolutionGuid = {3CD0F0D3-7D75-4E79-AFB4-7FA03F34D0AF}
	EndGlobalSection
EndGlobal
