
Microsoft Visual Studio Solution File, Format Version 12.00
# Visual Studio Version 17
VisualStudioVersion = 17.0.31903.59
MinimumVisualStudioVersion = 10.0.40219.1
Project("{2150E333-8FDC-42A3-9474-1A3956D46DE8}") = "src", "src", "{1F4E911F-A68B-4800-A862-FD37904FA039}"
EndProject
Project("{2150E333-8FDC-42A3-9474-1A3956D46DE8}") = "core", "core", "{406C9723-63E2-493F-A9F2-4ABFEC5419C7}"
EndProject
Project("{FAE04EC0-301F-11D3-BF4B-00C04F79EFBC}") = "KoalaKit.Abstractions", "src\core\KoalaKit.Abstractions\KoalaKit.Abstractions.csproj", "{A51CD12E-049B-431E-9954-19E20C7554BA}"
EndProject
Project("{2150E333-8FDC-42A3-9474-1A3956D46DE8}") = "caching", "caching", "{5CE9E7B7-9EA2-440D-A856-1153099B1F70}"
EndProject
Project("{FAE04EC0-301F-11D3-BF4B-00C04F79EFBC}") = "KoalaKit.Caching.Memory", "src\caching\KoalaKit.Caching.Memory\KoalaKit.Caching.Memory.csproj", "{180F55C9-783F-41D4-A73D-38CE653943AD}"
EndProject
Project("{FAE04EC0-301F-11D3-BF4B-00C04F79EFBC}") = "KoalaKit.Caching.Redis", "src\caching\KoalaKit.Caching.Redis\KoalaKit.Caching.Redis.csproj", "{C30DDA1A-99AE-453D-B010-DA432DE0709C}"
EndProject
Project("{2150E333-8FDC-42A3-9474-1A3956D46DE8}") = "messaging", "messaging", "{DAF1FB58-9780-4688-A658-6B7CCC10AC38}"
EndProject
Project("{2150E333-8FDC-42A3-9474-1A3956D46DE8}") = "bus", "bus", "{580C0823-B579-4F8E-A8E0-F1DDBED9BF08}"
EndProject
Project("{2150E333-8FDC-42A3-9474-1A3956D46DE8}") = "queuing", "queuing", "{BE680AE5-024A-4E6A-801A-E842E076A3D9}"
EndProject
Project("{FAE04EC0-301F-11D3-BF4B-00C04F79EFBC}") = "KoalaKit.Queuing.RabbitMq", "src\messaging\queuing\KoalaKit.Queuing.RabbitMq\KoalaKit.Queuing.RabbitMq.csproj", "{09548351-10C4-4B9A-8E0D-EFA6DDF80724}"
EndProject
Project("{FAE04EC0-301F-11D3-BF4B-00C04F79EFBC}") = "KoalaKit.Bus.Redis", "messaging\bus\KoalaKit.Bus.Redis\KoalaKit.Bus.Redis.csproj", "{34C31A98-2F4D-430D-AED4-407814CFB761}"
EndProject
Global
	GlobalSection(SolutionConfigurationPlatforms) = preSolution
		Debug|Any CPU = Debug|Any CPU
		Release|Any CPU = Release|Any CPU
	EndGlobalSection
	GlobalSection(ProjectConfigurationPlatforms) = postSolution
		{A51CD12E-049B-431E-9954-19E20C7554BA}.Debug|Any CPU.ActiveCfg = Debug|Any CPU
		{A51CD12E-049B-431E-9954-19E20C7554BA}.Debug|Any CPU.Build.0 = Debug|Any CPU
		{A51CD12E-049B-431E-9954-19E20C7554BA}.Release|Any CPU.ActiveCfg = Release|Any CPU
		{A51CD12E-049B-431E-9954-19E20C7554BA}.Release|Any CPU.Build.0 = Release|Any CPU
		{180F55C9-783F-41D4-A73D-38CE653943AD}.Debug|Any CPU.ActiveCfg = Debug|Any CPU
		{180F55C9-783F-41D4-A73D-38CE653943AD}.Debug|Any CPU.Build.0 = Debug|Any CPU
		{180F55C9-783F-41D4-A73D-38CE653943AD}.Release|Any CPU.ActiveCfg = Release|Any CPU
		{180F55C9-783F-41D4-A73D-38CE653943AD}.Release|Any CPU.Build.0 = Release|Any CPU
		{C30DDA1A-99AE-453D-B010-DA432DE0709C}.Debug|Any CPU.ActiveCfg = Debug|Any CPU
		{C30DDA1A-99AE-453D-B010-DA432DE0709C}.Debug|Any CPU.Build.0 = Debug|Any CPU
		{C30DDA1A-99AE-453D-B010-DA432DE0709C}.Release|Any CPU.ActiveCfg = Release|Any CPU
		{C30DDA1A-99AE-453D-B010-DA432DE0709C}.Release|Any CPU.Build.0 = Release|Any CPU
		{09548351-10C4-4B9A-8E0D-EFA6DDF80724}.Debug|Any CPU.ActiveCfg = Debug|Any CPU
		{09548351-10C4-4B9A-8E0D-EFA6DDF80724}.Debug|Any CPU.Build.0 = Debug|Any CPU
		{09548351-10C4-4B9A-8E0D-EFA6DDF80724}.Release|Any CPU.ActiveCfg = Release|Any CPU
		{09548351-10C4-4B9A-8E0D-EFA6DDF80724}.Release|Any CPU.Build.0 = Release|Any CPU
		{34C31A98-2F4D-430D-AED4-407814CFB761}.Debug|Any CPU.ActiveCfg = Debug|Any CPU
		{34C31A98-2F4D-430D-AED4-407814CFB761}.Debug|Any CPU.Build.0 = Debug|Any CPU
		{34C31A98-2F4D-430D-AED4-407814CFB761}.Release|Any CPU.ActiveCfg = Release|Any CPU
		{34C31A98-2F4D-430D-AED4-407814CFB761}.Release|Any CPU.Build.0 = Release|Any CPU
	EndGlobalSection
	GlobalSection(SolutionProperties) = preSolution
		HideSolutionNode = FALSE
	EndGlobalSection
	GlobalSection(NestedProjects) = preSolution
		{406C9723-63E2-493F-A9F2-4ABFEC5419C7} = {1F4E911F-A68B-4800-A862-FD37904FA039}
		{A51CD12E-049B-431E-9954-19E20C7554BA} = {406C9723-63E2-493F-A9F2-4ABFEC5419C7}
		{5CE9E7B7-9EA2-440D-A856-1153099B1F70} = {1F4E911F-A68B-4800-A862-FD37904FA039}
		{180F55C9-783F-41D4-A73D-38CE653943AD} = {5CE9E7B7-9EA2-440D-A856-1153099B1F70}
		{C30DDA1A-99AE-453D-B010-DA432DE0709C} = {5CE9E7B7-9EA2-440D-A856-1153099B1F70}
		{DAF1FB58-9780-4688-A658-6B7CCC10AC38} = {1F4E911F-A68B-4800-A862-FD37904FA039}
		{580C0823-B579-4F8E-A8E0-F1DDBED9BF08} = {DAF1FB58-9780-4688-A658-6B7CCC10AC38}
		{BE680AE5-024A-4E6A-801A-E842E076A3D9} = {DAF1FB58-9780-4688-A658-6B7CCC10AC38}
		{09548351-10C4-4B9A-8E0D-EFA6DDF80724} = {BE680AE5-024A-4E6A-801A-E842E076A3D9}
		{34C31A98-2F4D-430D-AED4-407814CFB761} = {580C0823-B579-4F8E-A8E0-F1DDBED9BF08}
	EndGlobalSection
	GlobalSection(ExtensibilityGlobals) = postSolution
		SolutionGuid = {45134D12-1CC0-42EB-B42E-E600A6EE50CA}
	EndGlobalSection
EndGlobal
