
Microsoft Visual Studio Solution File, Format Version 12.00
# Visual Studio Version 18
VisualStudioVersion = 18.0.11205.157 d18.0
MinimumVisualStudioVersion = 10.0.40219.1
Project("{2150E333-8FDC-42A3-9474-1A3956D46DE8}") = "src", "src", "{1F4E911F-A68B-4800-A862-FD37904FA039}"
EndProject
Project("{2150E333-8FDC-42A3-9474-1A3956D46DE8}") = "infrastructure", "infrastructure", "{8AA09DFF-5CFB-47E1-90E4-9167408D6F3D}"
EndProject
Project("{FAE04EC0-301F-11D3-BF4B-00C04F79EFBC}") = "KoalaKit.Primitives", "src\infrastructure\KoalaKit.Primitives\KoalaKit.Primitives.csproj", "{DE07727B-7A22-450C-A008-58511C508EE8}"
EndProject
Project("{FAE04EC0-301F-11D3-BF4B-00C04F79EFBC}") = "KoalaKit.Modules", "src\infrastructure\KoalaKit.Modules\KoalaKit.Modules.csproj", "{614A63E0-F157-4CA3-8B40-291F732C85C4}"
EndProject
Project("{FAE04EC0-301F-11D3-BF4B-00C04F79EFBC}") = "KoalaKit.DI", "src\infrastructure\KoalaKit.DI\KoalaKit.DI.csproj", "{0E5E1660-DC70-404E-AEFC-638793FE0FF5}"
EndProject
Project("{FAE04EC0-301F-11D3-BF4B-00C04F79EFBC}") = "Koalakit.Orchestrations", "src\infrastructure\Koalakit.Orchestrations\Koalakit.Orchestrations.csproj", "{34A0BE9C-549F-4961-A380-B130F2A11C58}"
EndProject
Project("{FAE04EC0-301F-11D3-BF4B-00C04F79EFBC}") = "KoalaKit.Serializations", "src\infrastructure\KoalaKit.Serializations\KoalaKit.Serializations.csproj", "{AEB74149-003E-4C20-BE76-0F63899107F6}"
EndProject
Project("{FAE04EC0-301F-11D3-BF4B-00C04F79EFBC}") = "KoalaKit.Tokenizations", "src\infrastructure\KoalaKit.Tokenizations\KoalaKit.Tokenizations.csproj", "{2B2A35F5-87D9-49E4-9137-D5213BE9C279}"
EndProject
Global
	GlobalSection(SolutionConfigurationPlatforms) = preSolution
		Debug|Any CPU = Debug|Any CPU
		Release|Any CPU = Release|Any CPU
	EndGlobalSection
	GlobalSection(ProjectConfigurationPlatforms) = postSolution
		{DE07727B-7A22-450C-A008-58511C508EE8}.Debug|Any CPU.ActiveCfg = Debug|Any CPU
		{DE07727B-7A22-450C-A008-58511C508EE8}.Debug|Any CPU.Build.0 = Debug|Any CPU
		{DE07727B-7A22-450C-A008-58511C508EE8}.Release|Any CPU.ActiveCfg = Release|Any CPU
		{DE07727B-7A22-450C-A008-58511C508EE8}.Release|Any CPU.Build.0 = Release|Any CPU
		{614A63E0-F157-4CA3-8B40-291F732C85C4}.Debug|Any CPU.ActiveCfg = Debug|Any CPU
		{614A63E0-F157-4CA3-8B40-291F732C85C4}.Debug|Any CPU.Build.0 = Debug|Any CPU
		{614A63E0-F157-4CA3-8B40-291F732C85C4}.Release|Any CPU.ActiveCfg = Release|Any CPU
		{614A63E0-F157-4CA3-8B40-291F732C85C4}.Release|Any CPU.Build.0 = Release|Any CPU
		{0E5E1660-DC70-404E-AEFC-638793FE0FF5}.Debug|Any CPU.ActiveCfg = Debug|Any CPU
		{0E5E1660-DC70-404E-AEFC-638793FE0FF5}.Debug|Any CPU.Build.0 = Debug|Any CPU
		{0E5E1660-DC70-404E-AEFC-638793FE0FF5}.Release|Any CPU.ActiveCfg = Release|Any CPU
		{0E5E1660-DC70-404E-AEFC-638793FE0FF5}.Release|Any CPU.Build.0 = Release|Any CPU
		{34A0BE9C-549F-4961-A380-B130F2A11C58}.Debug|Any CPU.ActiveCfg = Debug|Any CPU
		{34A0BE9C-549F-4961-A380-B130F2A11C58}.Debug|Any CPU.Build.0 = Debug|Any CPU
		{34A0BE9C-549F-4961-A380-B130F2A11C58}.Release|Any CPU.ActiveCfg = Release|Any CPU
		{34A0BE9C-549F-4961-A380-B130F2A11C58}.Release|Any CPU.Build.0 = Release|Any CPU
		{AEB74149-003E-4C20-BE76-0F63899107F6}.Debug|Any CPU.ActiveCfg = Debug|Any CPU
		{AEB74149-003E-4C20-BE76-0F63899107F6}.Debug|Any CPU.Build.0 = Debug|Any CPU
		{AEB74149-003E-4C20-BE76-0F63899107F6}.Release|Any CPU.ActiveCfg = Release|Any CPU
		{AEB74149-003E-4C20-BE76-0F63899107F6}.Release|Any CPU.Build.0 = Release|Any CPU
		{2B2A35F5-87D9-49E4-9137-D5213BE9C279}.Debug|Any CPU.ActiveCfg = Debug|Any CPU
		{2B2A35F5-87D9-49E4-9137-D5213BE9C279}.Debug|Any CPU.Build.0 = Debug|Any CPU
		{2B2A35F5-87D9-49E4-9137-D5213BE9C279}.Release|Any CPU.ActiveCfg = Release|Any CPU
		{2B2A35F5-87D9-49E4-9137-D5213BE9C279}.Release|Any CPU.Build.0 = Release|Any CPU
	EndGlobalSection
	GlobalSection(SolutionProperties) = preSolution
		HideSolutionNode = FALSE
	EndGlobalSection
	GlobalSection(NestedProjects) = preSolution
		{8AA09DFF-5CFB-47E1-90E4-9167408D6F3D} = {1F4E911F-A68B-4800-A862-FD37904FA039}
		{DE07727B-7A22-450C-A008-58511C508EE8} = {8AA09DFF-5CFB-47E1-90E4-9167408D6F3D}
		{614A63E0-F157-4CA3-8B40-291F732C85C4} = {8AA09DFF-5CFB-47E1-90E4-9167408D6F3D}
		{0E5E1660-DC70-404E-AEFC-638793FE0FF5} = {8AA09DFF-5CFB-47E1-90E4-9167408D6F3D}
		{34A0BE9C-549F-4961-A380-B130F2A11C58} = {8AA09DFF-5CFB-47E1-90E4-9167408D6F3D}
		{AEB74149-003E-4C20-BE76-0F63899107F6} = {8AA09DFF-5CFB-47E1-90E4-9167408D6F3D}
		{2B2A35F5-87D9-49E4-9137-D5213BE9C279} = {8AA09DFF-5CFB-47E1-90E4-9167408D6F3D}
	EndGlobalSection
	GlobalSection(ExtensibilityGlobals) = postSolution
		SolutionGuid = {45134D12-1CC0-42EB-B42E-E600A6EE50CA}
	EndGlobalSection
EndGlobal
