
Microsoft Visual Studio Solution File, Format Version 12.00
# Visual Studio Version 17
VisualStudioVersion = 17.0.31903.59
MinimumVisualStudioVersion = 10.0.40219.1
Project("{2150E333-8FDC-42A3-9474-1A3956D46DE8}") = "src", "src", "{1F4E911F-A68B-4800-A862-FD37904FA039}"
EndProject
Project("{2150E333-8FDC-42A3-9474-1A3956D46DE8}") = "core", "core", "{406C9723-63E2-493F-A9F2-4ABFEC5419C7}"
EndProject
Project("{9A19103F-16F7-4668-BE54-9A1E7A4F7556}") = "KoalaKit.Abstractions", "src\core\KoalaKit.Abstractions\KoalaKit.Abstractions.csproj", "{A51CD12E-049B-431E-9954-19E20C7554BA}"
EndProject
Project("{2150E333-8FDC-42A3-9474-1A3956D46DE8}") = "caching", "caching", "{5CE9E7B7-9EA2-440D-A856-1153099B1F70}"
EndProject
Project("{9A19103F-16F7-4668-BE54-9A1E7A4F7556}") = "KoalaKit.Caching.Memory", "src\caching\KoalaKit.Caching.Memory\KoalaKit.Caching.Memory.csproj", "{180F55C9-783F-41D4-A73D-38CE653943AD}"
EndProject
Project("{9A19103F-16F7-4668-BE54-9A1E7A4F7556}") = "KoalaKit.Caching.Redis", "src\caching\KoalaKit.Caching.Redis\KoalaKit.Caching.Redis.csproj", "{C30DDA1A-99AE-453D-B010-DA432DE0709C}"
EndProject
Project("{2150E333-8FDC-42A3-9474-1A3956D46DE8}") = "messaging", "messaging", "{DAF1FB58-9780-4688-A658-6B7CCC10AC38}"
EndProject
Project("{2150E333-8FDC-42A3-9474-1A3956D46DE8}") = "bus", "bus", "{580C0823-B579-4F8E-A8E0-F1DDBED9BF08}"
EndProject
Project("{2150E333-8FDC-42A3-9474-1A3956D46DE8}") = "queuing", "queuing", "{BE680AE5-024A-4E6A-801A-E842E076A3D9}"
EndProject
Project("{9A19103F-16F7-4668-BE54-9A1E7A4F7556}") = "KoalaKit.Queuing.RabbitMq", "src\messaging\queuing\KoalaKit.Queuing.RabbitMq\KoalaKit.Queuing.RabbitMq.csproj", "{09548351-10C4-4B9A-8E0D-EFA6DDF80724}"
EndProject
Project("{2150E333-8FDC-42A3-9474-1A3956D46DE8}") = "persistence", "persistence", "{0B942E75-D16B-4DDB-9DDA-3AFC4E8024B4}"
EndProject
Project("{2150E333-8FDC-42A3-9474-1A3956D46DE8}") = "efCore", "efCore", "{CFFA173C-AA15-4B6C-A015-6EE5D3226018}"
EndProject
Project("{9A19103F-16F7-4668-BE54-9A1E7A4F7556}") = "KoalaKit.Persistence.EntityFramework.Core", "src\persistence\efCore\KoalaKit.Persistence.EntityFramework.Core\KoalaKit.Persistence.EntityFramework.Core.csproj", "{21664CED-CCFF-471D-9415-B965708C9884}"
EndProject
Project("{9A19103F-16F7-4668-BE54-9A1E7A4F7556}") = "KoalaKit.Persistence.EntityFramework.SqlServer", "src\persistence\efCore\KoalaKit.Persistence.EntityFramework.SqlServer\KoalaKit.Persistence.EntityFramework.SqlServer.csproj", "{B851958E-EC98-4E1B-9E8F-078C57B62C1C}"
EndProject
Project("{9A19103F-16F7-4668-BE54-9A1E7A4F7556}") = "KoalaKit.Bus.Redis", "src\messaging\bus\KoalaKit.Bus.Redis\KoalaKit.Bus.Redis.csproj", "{641C1C75-6A02-436B-95F4-192229399715}"
EndProject
Project("{2150E333-8FDC-42A3-9474-1A3956D46DE8}") = "authentications", "authentications", "{DF71AB4B-C341-4CB6-85B6-8B464C93957F}"
EndProject
Project("{2150E333-8FDC-42A3-9474-1A3956D46DE8}") = "cosmetics", "cosmetics", "{BB0F7B4D-3A40-4A62-A26C-4AAA98F7CAAC}"
EndProject
Project("{9A19103F-16F7-4668-BE54-9A1E7A4F7556}") = "KoalaKit.Cosmetics", "src\cosmetics\KoalaKit.Cosmetics\KoalaKit.Cosmetics.csproj", "{55FBE4F3-E403-48C2-95B3-9EE31F98FCBC}"
EndProject
Project("{9A19103F-16F7-4668-BE54-9A1E7A4F7556}") = "Koala.Authentications.Jwt", "src\authentications\Koala.Authentications.Jwt\Koala.Authentications.Jwt.csproj", "{1293CB76-A7C0-4753-9D62-48E10BE78422}"
EndProject
Project("{9A19103F-16F7-4668-BE54-9A1E7A4F7556}") = "Koala.Authentications.Abstractions", "src\authentications\Koala.Authentications.Abstractions\Koala.Authentications.Abstractions.csproj", "{6FF69DE6-86C5-48BB-9A6B-D934829C8635}"
EndProject
Project("{FAE04EC0-301F-11D3-BF4B-00C04F79EFBC}") = "Koala.Authentications.SqlStorage", "src\authentications\Koala.Authentications.Jwt\Koala.Authentications.SqlStorage\Koala.Authentications.SqlStorage.csproj", "{401EC05C-6CF4-45F2-BD1B-8647FDC394A4}"
EndProject
Global
	GlobalSection(SolutionConfigurationPlatforms) = preSolution
		Debug|Any CPU = Debug|Any CPU
		Release|Any CPU = Release|Any CPU
	EndGlobalSection
	GlobalSection(ProjectConfigurationPlatforms) = postSolution
		{A51CD12E-049B-431E-9954-19E20C7554BA}.Debug|Any CPU.ActiveCfg = Debug|Any CPU
		{A51CD12E-049B-431E-9954-19E20C7554BA}.Debug|Any CPU.Build.0 = Debug|Any CPU
		{A51CD12E-049B-431E-9954-19E20C7554BA}.Release|Any CPU.ActiveCfg = Release|Any CPU
		{A51CD12E-049B-431E-9954-19E20C7554BA}.Release|Any CPU.Build.0 = Release|Any CPU
		{180F55C9-783F-41D4-A73D-38CE653943AD}.Debug|Any CPU.ActiveCfg = Debug|Any CPU
		{180F55C9-783F-41D4-A73D-38CE653943AD}.Debug|Any CPU.Build.0 = Debug|Any CPU
		{180F55C9-783F-41D4-A73D-38CE653943AD}.Release|Any CPU.ActiveCfg = Release|Any CPU
		{180F55C9-783F-41D4-A73D-38CE653943AD}.Release|Any CPU.Build.0 = Release|Any CPU
		{C30DDA1A-99AE-453D-B010-DA432DE0709C}.Debug|Any CPU.ActiveCfg = Debug|Any CPU
		{C30DDA1A-99AE-453D-B010-DA432DE0709C}.Debug|Any CPU.Build.0 = Debug|Any CPU
		{C30DDA1A-99AE-453D-B010-DA432DE0709C}.Release|Any CPU.ActiveCfg = Release|Any CPU
		{C30DDA1A-99AE-453D-B010-DA432DE0709C}.Release|Any CPU.Build.0 = Release|Any CPU
		{09548351-10C4-4B9A-8E0D-EFA6DDF80724}.Debug|Any CPU.ActiveCfg = Debug|Any CPU
		{09548351-10C4-4B9A-8E0D-EFA6DDF80724}.Debug|Any CPU.Build.0 = Debug|Any CPU
		{09548351-10C4-4B9A-8E0D-EFA6DDF80724}.Release|Any CPU.ActiveCfg = Release|Any CPU
		{09548351-10C4-4B9A-8E0D-EFA6DDF80724}.Release|Any CPU.Build.0 = Release|Any CPU
		{21664CED-CCFF-471D-9415-B965708C9884}.Debug|Any CPU.ActiveCfg = Debug|Any CPU
		{21664CED-CCFF-471D-9415-B965708C9884}.Debug|Any CPU.Build.0 = Debug|Any CPU
		{21664CED-CCFF-471D-9415-B965708C9884}.Release|Any CPU.ActiveCfg = Release|Any CPU
		{21664CED-CCFF-471D-9415-B965708C9884}.Release|Any CPU.Build.0 = Release|Any CPU
		{B851958E-EC98-4E1B-9E8F-078C57B62C1C}.Debug|Any CPU.ActiveCfg = Debug|Any CPU
		{B851958E-EC98-4E1B-9E8F-078C57B62C1C}.Debug|Any CPU.Build.0 = Debug|Any CPU
		{B851958E-EC98-4E1B-9E8F-078C57B62C1C}.Release|Any CPU.ActiveCfg = Release|Any CPU
		{B851958E-EC98-4E1B-9E8F-078C57B62C1C}.Release|Any CPU.Build.0 = Release|Any CPU
		{641C1C75-6A02-436B-95F4-192229399715}.Debug|Any CPU.ActiveCfg = Debug|Any CPU
		{641C1C75-6A02-436B-95F4-192229399715}.Debug|Any CPU.Build.0 = Debug|Any CPU
		{641C1C75-6A02-436B-95F4-192229399715}.Release|Any CPU.ActiveCfg = Release|Any CPU
		{641C1C75-6A02-436B-95F4-192229399715}.Release|Any CPU.Build.0 = Release|Any CPU
		{55FBE4F3-E403-48C2-95B3-9EE31F98FCBC}.Debug|Any CPU.ActiveCfg = Debug|Any CPU
		{55FBE4F3-E403-48C2-95B3-9EE31F98FCBC}.Debug|Any CPU.Build.0 = Debug|Any CPU
		{55FBE4F3-E403-48C2-95B3-9EE31F98FCBC}.Release|Any CPU.ActiveCfg = Release|Any CPU
		{55FBE4F3-E403-48C2-95B3-9EE31F98FCBC}.Release|Any CPU.Build.0 = Release|Any CPU
		{1293CB76-A7C0-4753-9D62-48E10BE78422}.Debug|Any CPU.ActiveCfg = Debug|Any CPU
		{1293CB76-A7C0-4753-9D62-48E10BE78422}.Debug|Any CPU.Build.0 = Debug|Any CPU
		{1293CB76-A7C0-4753-9D62-48E10BE78422}.Release|Any CPU.ActiveCfg = Release|Any CPU
		{1293CB76-A7C0-4753-9D62-48E10BE78422}.Release|Any CPU.Build.0 = Release|Any CPU
		{6FF69DE6-86C5-48BB-9A6B-D934829C8635}.Debug|Any CPU.ActiveCfg = Debug|Any CPU
		{6FF69DE6-86C5-48BB-9A6B-D934829C8635}.Debug|Any CPU.Build.0 = Debug|Any CPU
		{6FF69DE6-86C5-48BB-9A6B-D934829C8635}.Release|Any CPU.ActiveCfg = Release|Any CPU
		{6FF69DE6-86C5-48BB-9A6B-D934829C8635}.Release|Any CPU.Build.0 = Release|Any CPU
		{401EC05C-6CF4-45F2-BD1B-8647FDC394A4}.Debug|Any CPU.ActiveCfg = Debug|Any CPU
		{401EC05C-6CF4-45F2-BD1B-8647FDC394A4}.Debug|Any CPU.Build.0 = Debug|Any CPU
		{401EC05C-6CF4-45F2-BD1B-8647FDC394A4}.Release|Any CPU.ActiveCfg = Release|Any CPU
		{401EC05C-6CF4-45F2-BD1B-8647FDC394A4}.Release|Any CPU.Build.0 = Release|Any CPU
	EndGlobalSection
	GlobalSection(SolutionProperties) = preSolution
		HideSolutionNode = FALSE
	EndGlobalSection
	GlobalSection(NestedProjects) = preSolution
		{406C9723-63E2-493F-A9F2-4ABFEC5419C7} = {1F4E911F-A68B-4800-A862-FD37904FA039}
		{A51CD12E-049B-431E-9954-19E20C7554BA} = {406C9723-63E2-493F-A9F2-4ABFEC5419C7}
		{5CE9E7B7-9EA2-440D-A856-1153099B1F70} = {1F4E911F-A68B-4800-A862-FD37904FA039}
		{180F55C9-783F-41D4-A73D-38CE653943AD} = {5CE9E7B7-9EA2-440D-A856-1153099B1F70}
		{C30DDA1A-99AE-453D-B010-DA432DE0709C} = {5CE9E7B7-9EA2-440D-A856-1153099B1F70}
		{DAF1FB58-9780-4688-A658-6B7CCC10AC38} = {1F4E911F-A68B-4800-A862-FD37904FA039}
		{580C0823-B579-4F8E-A8E0-F1DDBED9BF08} = {DAF1FB58-9780-4688-A658-6B7CCC10AC38}
		{BE680AE5-024A-4E6A-801A-E842E076A3D9} = {DAF1FB58-9780-4688-A658-6B7CCC10AC38}
		{09548351-10C4-4B9A-8E0D-EFA6DDF80724} = {BE680AE5-024A-4E6A-801A-E842E076A3D9}
		{0B942E75-D16B-4DDB-9DDA-3AFC4E8024B4} = {1F4E911F-A68B-4800-A862-FD37904FA039}
		{CFFA173C-AA15-4B6C-A015-6EE5D3226018} = {0B942E75-D16B-4DDB-9DDA-3AFC4E8024B4}
		{21664CED-CCFF-471D-9415-B965708C9884} = {CFFA173C-AA15-4B6C-A015-6EE5D3226018}
		{B851958E-EC98-4E1B-9E8F-078C57B62C1C} = {CFFA173C-AA15-4B6C-A015-6EE5D3226018}
		{641C1C75-6A02-436B-95F4-192229399715} = {580C0823-B579-4F8E-A8E0-F1DDBED9BF08}
		{DF71AB4B-C341-4CB6-85B6-8B464C93957F} = {1F4E911F-A68B-4800-A862-FD37904FA039}
		{BB0F7B4D-3A40-4A62-A26C-4AAA98F7CAAC} = {1F4E911F-A68B-4800-A862-FD37904FA039}
		{55FBE4F3-E403-48C2-95B3-9EE31F98FCBC} = {BB0F7B4D-3A40-4A62-A26C-4AAA98F7CAAC}
		{1293CB76-A7C0-4753-9D62-48E10BE78422} = {DF71AB4B-C341-4CB6-85B6-8B464C93957F}
		{6FF69DE6-86C5-48BB-9A6B-D934829C8635} = {DF71AB4B-C341-4CB6-85B6-8B464C93957F}
		{401EC05C-6CF4-45F2-BD1B-8647FDC394A4} = {DF71AB4B-C341-4CB6-85B6-8B464C93957F}
	EndGlobalSection
	GlobalSection(ExtensibilityGlobals) = postSolution
		SolutionGuid = {45134D12-1CC0-42EB-B42E-E600A6EE50CA}
	EndGlobalSection
EndGlobal
